
Microsoft Visual Studio Solution File, Format Version 11.00
# Visual Studio 2010
Project("{8BC9CEB8-8B4A-11D0-8D11-00A0C91BC942}") = "MsgModule", "MsgModule\MsgModule.vcxproj", "{4721D053-398F-4103-8DDE-EE9F1C2CAF49}"
	ProjectSection(ProjectDependencies) = postProject
		{1198D79A-295F-49F8-A7A6-64E1BB45E7CA} = {1198D79A-295F-49F8-A7A6-64E1BB45E7CA}
	EndProjectSection
EndProject
Project("{8BC9CEB8-8B4A-11D0-8D11-00A0C91BC942}") = "UIModule", "UIModule\UIModule.vcxproj", "{25723668-C78B-454C-B2A0-206390537E3F}"
	ProjectSection(ProjectDependencies) = postProject
		{4721D053-398F-4103-8DDE-EE9F1C2CAF49} = {4721D053-398F-4103-8DDE-EE9F1C2CAF49}
	EndProjectSection
EndProject
Project("{8BC9CEB8-8B4A-11D0-8D11-00A0C91BC942}") = "HlpModule", "HlpModule\HlpModule.vcxproj", "{1198D79A-295F-49F8-A7A6-64E1BB45E7CA}"
EndProject
Global
	GlobalSection(SolutionConfigurationPlatforms) = preSolution
		Debug|Win32 = Debug|Win32
		Release|Win32 = Release|Win32
	EndGlobalSection
	GlobalSection(ProjectConfigurationPlatforms) = postSolution
		{4721D053-398F-4103-8DDE-EE9F1C2CAF49}.Debug|Win32.ActiveCfg = Debug|Win32
		{4721D053-398F-4103-8DDE-EE9F1C2CAF49}.Debug|Win32.Build.0 = Debug|Win32
		{4721D053-398F-4103-8DDE-EE9F1C2CAF49}.Release|Win32.ActiveCfg = Release|Win32
		{4721D053-398F-4103-8DDE-EE9F1C2CAF49}.Release|Win32.Build.0 = Release|Win32
		{25723668-C78B-454C-B2A0-206390537E3F}.Debug|Win32.ActiveCfg = Debug|Win32
		{25723668-C78B-454C-B2A0-206390537E3F}.Debug|Win32.Build.0 = Debug|Win32
		{25723668-C78B-454C-B2A0-206390537E3F}.Release|Win32.ActiveCfg = Release|Win32
		{25723668-C78B-454C-B2A0-206390537E3F}.Release|Win32.Build.0 = Release|Win32
		{1198D79A-295F-49F8-A7A6-64E1BB45E7CA}.Debug|Win32.ActiveCfg = Debug|Win32
		{1198D79A-295F-49F8-A7A6-64E1BB45E7CA}.Debug|Win32.Build.0 = Debug|Win32
		{1198D79A-295F-49F8-A7A6-64E1BB45E7CA}.Release|Win32.ActiveCfg = Release|Win32
		{1198D79A-295F-49F8-A7A6-64E1BB45E7CA}.Release|Win32.Build.0 = Release|Win32
	EndGlobalSection
	GlobalSection(SolutionProperties) = preSolution
		HideSolutionNode = FALSE
	EndGlobalSection
EndGlobal
