<?xml version="1.0" encoding="utf-8"?>
<Project ToolsVersion="4.0" xmlns="http://schemas.microsoft.com/developer/msbuild/2003">
  <ItemGroup>
    <Filter Include="Generated Files">
      <UniqueIdentifier>{71ED8ED8-ACB9-4CE9-BBE1-E00B30144E11}</UniqueIdentifier>
      <Extensions>moc;h;cpp</Extensions>
      <SourceControlFiles>False</SourceControlFiles>
    </Filter>
    <Filter Include="Generated Files\Debug">
      <UniqueIdentifier>{d6cf9558-2397-447e-aa76-df08468de901}</UniqueIdentifier>
      <Extensions>cpp;moc</Extensions>
      <SourceControlFiles>False</SourceControlFiles>
    </Filter>
    <Filter Include="Generated Files\Release">
      <UniqueIdentifier>{33cb8c70-3e8b-44d1-82b0-a1409a88e763}</UniqueIdentifier>
      <Extensions>cpp;moc</Extensions>
      <SourceControlFiles>False</SourceControlFiles>
    </Filter>
    <Filter Include="Resources">
      <UniqueIdentifier>{43b0441c-7355-427d-ad92-15d7d5b46ffb}</UniqueIdentifier>
    </Filter>
    <Filter Include="MainFrame">
      <UniqueIdentifier>{1cb334bf-bde6-43ec-b1f1-08638ae51c1c}</UniqueIdentifier>
    </Filter>
    <Filter Include="MainFrame\src">
      <UniqueIdentifier>{6b040aca-e584-4948-a5d8-17f9559b680f}</UniqueIdentifier>
    </Filter>
    <Filter Include="LoginManager">
      <UniqueIdentifier>{2fbbf84e-db2f-43aa-91bb-c5cbd1d5e97b}</UniqueIdentifier>
    </Filter>
    <Filter Include="LoginManager\src">
      <UniqueIdentifier>{008ae6d3-cc24-49c7-b501-ccf5d3b26fb6}</UniqueIdentifier>
    </Filter>
    <Filter Include="UIControls">
      <UniqueIdentifier>{8726cba8-16c6-43fe-a3f6-22e62215076a}</UniqueIdentifier>
    </Filter>
    <Filter Include="UIControls\LoginDialog">
      <UniqueIdentifier>{4b9f067c-3d61-4a31-be1f-d7a6f1563fe2}</UniqueIdentifier>
    </Filter>
    <Filter Include="UIControls\LoginDialog\src">
      <UniqueIdentifier>{e92de347-0aef-41a6-89fc-43db4358d89f}</UniqueIdentifier>
    </Filter>
    <Filter Include="UIControls\StaticLink">
      <UniqueIdentifier>{ee71d339-0943-4775-bc2e-b5d335c653a8}</UniqueIdentifier>
    </Filter>
    <Filter Include="UIControls\StaticLink\src">
      <UniqueIdentifier>{a209e264-91d1-468a-b7b5-832c74dceb5a}</UniqueIdentifier>
    </Filter>
    <Filter Include="Settings">
      <UniqueIdentifier>{c5818d23-4f6f-447d-ae47-6ddbe580d30d}</UniqueIdentifier>
    </Filter>
    <Filter Include="UIControls\ListItem">
      <UniqueIdentifier>{807d70c2-fc7a-4dae-8998-2617ffe0fa69}</UniqueIdentifier>
    </Filter>
    <Filter Include="UIControls\ListItem\src">
      <UniqueIdentifier>{8fae3960-58a2-48ba-a0a3-ab3e97b1992b}</UniqueIdentifier>
    </Filter>
    <Filter Include="UIControls\SettingsDialog">
      <UniqueIdentifier>{55943252-26e6-4158-b0f9-4d594dcc7171}</UniqueIdentifier>
    </Filter>
    <Filter Include="UIControls\SettingsDialog\src">
      <UniqueIdentifier>{b4da376b-57ef-418d-b6fd-71c1c1d17057}</UniqueIdentifier>
    </Filter>
  </ItemGroup>
  <ItemGroup>
    <ClCompile Include="GeneratedFiles\Debug\moc_Mainframe.cpp">
      <Filter>Generated Files\Debug</Filter>
    </ClCompile>
    <ClCompile Include="GeneratedFiles\Release\moc_Mainframe.cpp">
      <Filter>Generated Files\Release</Filter>
    </ClCompile>
    <ClCompile Include="Sources\Mainframe.cpp">
      <Filter>MainFrame\src</Filter>
    </ClCompile>
    <ClCompile Include="Sources\LoginManager.cpp">
      <Filter>LoginManager\src</Filter>
    </ClCompile>
    <ClCompile Include="main.cpp" />
    <ClCompile Include="Sources\LoginDialog.cpp">
      <Filter>UIControls\LoginDialog\src</Filter>
    </ClCompile>
    <ClCompile Include="Sources\LoginManagerImpl.cpp">
      <Filter>LoginManager\src</Filter>
    </ClCompile>
    <ClCompile Include="Sources\StaticLink.cpp">
      <Filter>UIControls\StaticLink\src</Filter>
    </ClCompile>
    <ClCompile Include="GeneratedFiles\Debug\moc_StaticLink.cpp">
      <Filter>Generated Files\Debug</Filter>
    </ClCompile>
    <ClCompile Include="GeneratedFiles\Release\moc_StaticLink.cpp">
      <Filter>Generated Files\Release</Filter>
    </ClCompile>
    <ClCompile Include="GeneratedFiles\Debug\moc_LoginDialog.cpp">
      <Filter>Generated Files\Debug</Filter>
    </ClCompile>
    <ClCompile Include="GeneratedFiles\Release\moc_LoginDialog.cpp">
      <Filter>Generated Files\Release</Filter>
    </ClCompile>
    <ClCompile Include="Sources\UserListItem.cpp">
      <Filter>UIControls\ListItem\src</Filter>
    </ClCompile>
    <ClCompile Include="Sources\SettingsDialog.cpp">
      <Filter>UIControls\SettingsDialog\src</Filter>
    </ClCompile>
    <ClCompile Include="GeneratedFiles\Debug\moc_SettingsDialog.cpp">
      <Filter>Generated Files\Debug</Filter>
    </ClCompile>
    <ClCompile Include="GeneratedFiles\Release\moc_SettingsDialog.cpp">
      <Filter>Generated Files\Release</Filter>
    </ClCompile>
  </ItemGroup>
  <ItemGroup>
    <None Include="client.png">
      <Filter>Resources</Filter>
    </None>
    <None Include="user.png">
      <Filter>Resources</Filter>
    </None>
  </ItemGroup>
  <ItemGroup>
    <CustomBuild Include="Sources\Mainframe.h">
      <Filter>MainFrame</Filter>
    </CustomBuild>
    <CustomBuild Include="Sources\StaticLink.h">
      <Filter>UIControls\StaticLink</Filter>
    </CustomBuild>
    <CustomBuild Include="Sources\LoginDialog.h">
      <Filter>UIControls\LoginDialog</Filter>
    </CustomBuild>
    <CustomBuild Include="Sources\UserListItem.h">
      <Filter>UIControls\ListItem</Filter>
    </CustomBuild>
    <CustomBuild Include="Sources\SettingsDialog.h">
      <Filter>UIControls\SettingsDialog</Filter>
    </CustomBuild>
  </ItemGroup>
  <ItemGroup>
    <ClInclude Include="Sources\LoginManager.h">
      <Filter>LoginManager</Filter>
    </ClInclude>
    <ClInclude Include="Sources\LoginHandlers.h">
      <Filter>LoginManager</Filter>
    </ClInclude>
    <ClInclude Include="Sources\LoginManagerImpl.h">
      <Filter>LoginManager\src</Filter>
    </ClInclude>
    <ClInclude Include="Sources\ILoginManager.h">
      <Filter>LoginManager</Filter>
    </ClInclude>
    <ClInclude Include="resource.h">
      <Filter>Generated Files</Filter>
    </ClInclude>
    <ClInclude Include="Sources\Settings.h">
      <Filter>Settings</Filter>
    </ClInclude>
    <ClInclude Include="Sources\UIMessageHandler.h">
      <Filter>MainFrame</Filter>
    </ClInclude>
  </ItemGroup>
</Project>