<?xml version="1.0" encoding="utf-8"?>
<Project ToolsVersion="4.0" xmlns="http://schemas.microsoft.com/developer/msbuild/2003">
  <ItemGroup>
    <Filter Include="MessageReceiver">
      <UniqueIdentifier>{8270b314-92b3-4adf-b25c-39c9c44afc3f}</UniqueIdentifier>
    </Filter>
    <Filter Include="Messages">
      <UniqueIdentifier>{4d9b1106-4342-4260-869e-a9c90fcf474a}</UniqueIdentifier>
    </Filter>
    <Filter Include="MessageReceiver\src">
      <UniqueIdentifier>{8768550d-8e8a-492d-8777-59bf32ad8a31}</UniqueIdentifier>
    </Filter>
    <Filter Include="stdafx">
      <UniqueIdentifier>{4FC737F1-C7A5-4376-A066-2A32D752A2FF}</UniqueIdentifier>
      <Extensions>cpp;c;cc;cxx;def;odl;idl;hpj;bat;asm;asmx</Extensions>
    </Filter>
  </ItemGroup>
  <ItemGroup>
    <None Include="ReadMe.txt" />
  </ItemGroup>
  <ItemGroup>
    <ClCompile Include="Sources\Messages.cpp">
      <Filter>Messages</Filter>
    </ClCompile>
    <ClCompile Include="Sources\MessageReceiver.cpp">
      <Filter>MessageReceiver\src</Filter>
    </ClCompile>
    <ClCompile Include="Sources\stdafx.cpp">
      <Filter>stdafx</Filter>
    </ClCompile>
    <ClCompile Include="Sources\MessageWindow.cpp">
      <Filter>MessageReceiver\src</Filter>
    </ClCompile>
  </ItemGroup>
  <ItemGroup>
    <ClInclude Include="Sources\Messages.h">
      <Filter>Messages</Filter>
    </ClInclude>
    <ClInclude Include="Sources\MessageReceiver.h">
      <Filter>MessageReceiver</Filter>
    </ClInclude>
    <ClInclude Include="Sources\stdafx.h">
      <Filter>stdafx</Filter>
    </ClInclude>
    <ClInclude Include="Sources\targetver.h">
      <Filter>stdafx</Filter>
    </ClInclude>
    <ClInclude Include="Sources\MessageHandlers.h">
      <Filter>MessageReceiver</Filter>
    </ClInclude>
    <ClInclude Include="Sources\MessageWindow.h">
      <Filter>MessageReceiver</Filter>
    </ClInclude>
  </ItemGroup>
</Project>