<?xml version="1.0" encoding="utf-8"?>
<Project ToolsVersion="4.0" xmlns="http://schemas.microsoft.com/developer/msbuild/2003">
  <ItemGroup>
    <Filter Include="MessageReceiver">
      <UniqueIdentifier>{8270b314-92b3-4adf-b25c-39c9c44afc3f}</UniqueIdentifier>
    </Filter>
    <Filter Include="Messages">
      <UniqueIdentifier>{4d9b1106-4342-4260-869e-a9c90fcf474a}</UniqueIdentifier>
    </Filter>
    <Filter Include="MessageReceiver\src">
      <UniqueIdentifier>{8768550d-8e8a-492d-8777-59bf32ad8a31}</UniqueIdentifier>
    </Filter>
    <Filter Include="stdafx">
      <UniqueIdentifier>{4FC737F1-C7A5-4376-A066-2A32D752A2FF}</UniqueIdentifier>
      <Extensions>cpp;c;cc;cxx;def;odl;idl;hpj;bat;asm;asmx</Extensions>
    </Filter>
    <Filter Include="MessagesQueue">
      <UniqueIdentifier>{2b7846ba-9e89-443e-a089-d0729fb06619}</UniqueIdentifier>
    </Filter>
    <Filter Include="MessagesQueue\src">
      <UniqueIdentifier>{e51757e1-c78b-45c4-952d-272af7561e08}</UniqueIdentifier>
    </Filter>
    <Filter Include="NetUsersManager">
      <UniqueIdentifier>{2f268b16-9b9d-43da-afe6-c862b9943590}</UniqueIdentifier>
    </Filter>
    <Filter Include="NetUsersManager\src">
      <UniqueIdentifier>{fffb1b99-8e4b-4c43-9caf-a3dee402c441}</UniqueIdentifier>
    </Filter>
    <Filter Include="SettingsManager">
      <UniqueIdentifier>{60e5b0cc-97b1-407b-9374-8e0e6384a59d}</UniqueIdentifier>
    </Filter>
    <Filter Include="SettingsManager\src">
      <UniqueIdentifier>{f8ff53eb-b6e7-4358-ac12-3c79da616c87}</UniqueIdentifier>
    </Filter>
    <Filter Include="Settings">
      <UniqueIdentifier>{b558a6a2-0c3b-4856-8556-e486ab9feb1b}</UniqueIdentifier>
    </Filter>
  </ItemGroup>
  <ItemGroup>
    <None Include="ReadMe.txt" />
  </ItemGroup>
  <ItemGroup>
    <ClCompile Include="Sources\Messages.cpp">
      <Filter>Messages</Filter>
    </ClCompile>
    <ClCompile Include="Sources\MessageReceiver.cpp">
      <Filter>MessageReceiver\src</Filter>
    </ClCompile>
    <ClCompile Include="Sources\stdafx.cpp">
      <Filter>stdafx</Filter>
    </ClCompile>
    <ClCompile Include="Sources\MessageWindow.cpp">
      <Filter>MessageReceiver\src</Filter>
    </ClCompile>
    <ClCompile Include="Sources\MessagesQueue.cpp">
      <Filter>MessagesQueue\src</Filter>
    </ClCompile>
    <ClCompile Include="Sources\NetUsersManager.cpp">
      <Filter>NetUsersManager\src</Filter>
    </ClCompile>
    <ClCompile Include="Sources\SettingsManager.cpp">
      <Filter>SettingsManager\src</Filter>
    </ClCompile>
    <ClCompile Include="Sources\AdaptersAddressHolder.cpp">
      <Filter>SettingsManager\src</Filter>
    </ClCompile>
  </ItemGroup>
  <ItemGroup>
    <ClInclude Include="Sources\Messages.h">
      <Filter>Messages</Filter>
    </ClInclude>
    <ClInclude Include="Sources\MessageReceiver.h">
      <Filter>MessageReceiver</Filter>
    </ClInclude>
    <ClInclude Include="Sources\stdafx.h">
      <Filter>stdafx</Filter>
    </ClInclude>
    <ClInclude Include="Sources\targetver.h">
      <Filter>stdafx</Filter>
    </ClInclude>
    <ClInclude Include="Sources\MessageWindow.h">
      <Filter>MessageReceiver</Filter>
    </ClInclude>
    <ClInclude Include="Sources\MessagesQueue.h">
      <Filter>MessagesQueue</Filter>
    </ClInclude>
    <ClInclude Include="Sources\NetUsersManager.h">
      <Filter>NetUsersManager</Filter>
    </ClInclude>
    <ClInclude Include="Sources\INetUsersObserver.h">
      <Filter>NetUsersManager</Filter>
    </ClInclude>
    <ClInclude Include="Sources\SettingsManager.h">
      <Filter>SettingsManager</Filter>
    </ClInclude>
    <ClInclude Include="Sources\MsgModuleSettings.h">
      <Filter>Settings</Filter>
    </ClInclude>
    <ClInclude Include="Sources\AdaptersAddressHolder.h">
      <Filter>SettingsManager\src</Filter>
    </ClInclude>
  </ItemGroup>
</Project>