<?xml version="1.0" encoding="utf-8"?>
<Project ToolsVersion="4.0" xmlns="http://schemas.microsoft.com/developer/msbuild/2003">
  <ItemGroup>
    <Filter Include="Messages">
      <UniqueIdentifier>{4d9b1106-4342-4260-869e-a9c90fcf474a}</UniqueIdentifier>
    </Filter>
    <Filter Include="stdafx">
      <UniqueIdentifier>{4FC737F1-C7A5-4376-A066-2A32D752A2FF}</UniqueIdentifier>
      <Extensions>cpp;c;cc;cxx;def;odl;idl;hpj;bat;asm;asmx</Extensions>
    </Filter>
    <Filter Include="MessagesQueue">
      <UniqueIdentifier>{2b7846ba-9e89-443e-a089-d0729fb06619}</UniqueIdentifier>
    </Filter>
    <Filter Include="MessagesQueue\src">
      <UniqueIdentifier>{e51757e1-c78b-45c4-952d-272af7561e08}</UniqueIdentifier>
    </Filter>
    <Filter Include="ChatMessageManager">
      <UniqueIdentifier>{16b6448c-67a5-44c5-8fd1-6db0a3d76061}</UniqueIdentifier>
    </Filter>
    <Filter Include="StateMessageManager">
      <UniqueIdentifier>{612cf476-4e59-4e67-be15-fcfd911e4770}</UniqueIdentifier>
    </Filter>
    <Filter Include="StateMessageManager\src">
      <UniqueIdentifier>{a19426f1-80de-4a99-8862-ba560975e5b7}</UniqueIdentifier>
    </Filter>
    <Filter Include="Typedefs">
      <UniqueIdentifier>{7d2c6e2e-41a4-433f-957f-3cf966313d7f}</UniqueIdentifier>
    </Filter>
    <Filter Include="MessagesServer">
      <UniqueIdentifier>{73a0f342-f882-405d-b87c-d05f93ae73ad}</UniqueIdentifier>
    </Filter>
    <Filter Include="MessagesServer\src">
      <UniqueIdentifier>{62c4098a-d204-426c-9b95-0ae668f7d49c}</UniqueIdentifier>
    </Filter>
    <Filter Include="MessagesReceiver">
      <UniqueIdentifier>{8270b314-92b3-4adf-b25c-39c9c44afc3f}</UniqueIdentifier>
    </Filter>
    <Filter Include="MessagesReceiver\src">
      <UniqueIdentifier>{8768550d-8e8a-492d-8777-59bf32ad8a31}</UniqueIdentifier>
    </Filter>
    <Filter Include="ChatMessageManager\src">
      <UniqueIdentifier>{b636ca02-bec9-4545-b364-d47ed7a08296}</UniqueIdentifier>
    </Filter>
    <Filter Include="FileTransferManager">
      <UniqueIdentifier>{a2ad1fd6-6ac6-4784-b5fd-c9631cffce05}</UniqueIdentifier>
    </Filter>
    <Filter Include="FileTransferManager\src">
      <UniqueIdentifier>{03d5982e-67e4-4207-b97c-64d620708ec3}</UniqueIdentifier>
    </Filter>
  </ItemGroup>
  <ItemGroup>
    <None Include="ReadMe.txt" />
  </ItemGroup>
  <ItemGroup>
    <ClCompile Include="Sources\Messages.cpp">
      <Filter>Messages</Filter>
    </ClCompile>
    <ClCompile Include="Sources\stdafx.cpp">
      <Filter>stdafx</Filter>
    </ClCompile>
    <ClCompile Include="Sources\MessagesQueue.cpp">
      <Filter>MessagesQueue\src</Filter>
    </ClCompile>
    <ClCompile Include="Sources\UDPMessagesServer.cpp">
      <Filter>MessagesServer\src</Filter>
    </ClCompile>
    <ClCompile Include="Sources\MessagesReceiver.cpp">
      <Filter>MessagesReceiver\src</Filter>
    </ClCompile>
    <ClCompile Include="Sources\MessagesWindow.cpp">
      <Filter>MessagesReceiver\src</Filter>
    </ClCompile>
    <ClCompile Include="Sources\StateMessagesManager.cpp">
      <Filter>StateMessageManager\src</Filter>
    </ClCompile>
    <ClCompile Include="Sources\StateServerSettingsHolder.cpp">
      <Filter>StateMessageManager\src</Filter>
    </ClCompile>
    <ClCompile Include="Sources\ChatServerSettingsHolder.cpp">
      <Filter>ChatMessageManager\src</Filter>
    </ClCompile>
    <ClCompile Include="Sources\StateMessagesHandler.cpp">
      <Filter>StateMessageManager\src</Filter>
    </ClCompile>
    <ClCompile Include="Sources\ChatMessagesManager.cpp">
      <Filter>ChatMessageManager\src</Filter>
    </ClCompile>
    <ClCompile Include="Sources\ChatMessagesHandler.cpp">
      <Filter>ChatMessageManager\src</Filter>
    </ClCompile>
    <ClCompile Include="Sources\MessagesServer.cpp">
      <Filter>MessagesServer\src</Filter>
    </ClCompile>
    <ClCompile Include="Sources\FileMessagesHandler.cpp">
      <Filter>FileTransferManager\src</Filter>
    </ClCompile>
    <ClCompile Include="Sources\FileServerSettingsHolder.cpp">
      <Filter>FileTransferManager\src</Filter>
    </ClCompile>
    <ClCompile Include="Sources\FileTransferManager.cpp">
      <Filter>FileTransferManager\src</Filter>
    </ClCompile>
    <ClCompile Include="Sources\TCPMessagesServer.cpp">
      <Filter>MessagesServer\src</Filter>
    </ClCompile>
    <ClCompile Include="Sources\FileTransferHelpers.cpp">
      <Filter>FileTransferManager\src</Filter>
    </ClCompile>
  </ItemGroup>
  <ItemGroup>
    <ClInclude Include="Sources\Messages.h">
      <Filter>Messages</Filter>
    </ClInclude>
    <ClInclude Include="Sources\stdafx.h">
      <Filter>stdafx</Filter>
    </ClInclude>
    <ClInclude Include="Sources\targetver.h">
      <Filter>stdafx</Filter>
    </ClInclude>
    <ClInclude Include="Sources\MessagesQueue.h">
      <Filter>MessagesQueue</Filter>
    </ClInclude>
    <ClInclude Include="Sources\Typedefs.h">
      <Filter>Typedefs</Filter>
    </ClInclude>
    <ClInclude Include="Sources\IServerSettingsHolder.h">
      <Filter>MessagesServer</Filter>
    </ClInclude>
    <ClInclude Include="Sources\UDPMessagesServer.h">
      <Filter>MessagesServer</Filter>
    </ClInclude>
    <ClInclude Include="Sources\MessagesReceiver.h">
      <Filter>MessagesReceiver</Filter>
    </ClInclude>
    <ClInclude Include="Sources\MessagesWindow.h">
      <Filter>MessagesReceiver\src</Filter>
    </ClInclude>
    <ClInclude Include="Sources\StateMessagesManager.h">
      <Filter>StateMessageManager</Filter>
    </ClInclude>
    <ClInclude Include="Sources\StateServerSettingsHolder.h">
      <Filter>StateMessageManager\src</Filter>
    </ClInclude>
    <ClInclude Include="Sources\ChatServerSettingsHolder.h">
      <Filter>ChatMessageManager\src</Filter>
    </ClInclude>
    <ClInclude Include="Sources\MessagesTemplates.h">
      <Filter>Messages</Filter>
    </ClInclude>
    <ClInclude Include="Sources\StateMessagesHandler.h">
      <Filter>StateMessageManager\src</Filter>
    </ClInclude>
    <ClInclude Include="Sources\ChatMessagesManager.h">
      <Filter>ChatMessageManager</Filter>
    </ClInclude>
    <ClInclude Include="Sources\ChatMessagesHandler.h">
      <Filter>ChatMessageManager\src</Filter>
    </ClInclude>
    <ClInclude Include="Sources\UIMessageHandler.h">
      <Filter>MessagesReceiver</Filter>
    </ClInclude>
    <ClInclude Include="Sources\MessagesServer.h">
      <Filter>MessagesServer</Filter>
    </ClInclude>
    <ClInclude Include="Sources\IMessagesHandler.h">
      <Filter>MessagesServer</Filter>
    </ClInclude>
    <ClInclude Include="Sources\FileTransferManager.h">
      <Filter>FileTransferManager</Filter>
    </ClInclude>
    <ClInclude Include="Sources\FileMessagesHandler.h">
      <Filter>FileTransferManager\src</Filter>
    </ClInclude>
    <ClInclude Include="Sources\FileServerSettingsHolder.h">
      <Filter>FileTransferManager\src</Filter>
    </ClInclude>
    <ClInclude Include="Sources\TCPMessagesServer.h">
      <Filter>MessagesServer</Filter>
    </ClInclude>
    <ClInclude Include="Sources\FileTransferHelpers.h">
      <Filter>FileTransferManager\src</Filter>
    </ClInclude>
  </ItemGroup>
</Project>