<?xml version="1.0" encoding="utf-8"?>
<Project ToolsVersion="4.0" xmlns="http://schemas.microsoft.com/developer/msbuild/2003">
  <ItemGroup>
    <Filter Include="stdafx">
      <UniqueIdentifier>{aaecb644-c5ea-460a-9a3d-ae20f639c71b}</UniqueIdentifier>
    </Filter>
    <Filter Include="QtHelpers">
      <UniqueIdentifier>{c320b6cf-1e60-4b16-bcd5-444e3254fb5f}</UniqueIdentifier>
    </Filter>
    <Filter Include="RegistryHelpers">
      <UniqueIdentifier>{553e2abd-37a1-4063-9ac2-eb94fcb3a0b4}</UniqueIdentifier>
    </Filter>
    <Filter Include="RegistryHelpers\src">
      <UniqueIdentifier>{2907e061-c06d-4fa7-9f8c-18f96a054671}</UniqueIdentifier>
    </Filter>
    <Filter Include="QtHelpers\src">
      <UniqueIdentifier>{111f9781-aa8d-456e-91fe-0a0468818e88}</UniqueIdentifier>
    </Filter>
  </ItemGroup>
  <ItemGroup>
    <None Include="ReadMe.txt" />
  </ItemGroup>
  <ItemGroup>
    <ClCompile Include="Sources\stdafx.cpp">
      <Filter>stdafx</Filter>
    </ClCompile>
    <ClCompile Include="Sources\RegistryHelpers.cpp">
      <Filter>RegistryHelpers\src</Filter>
    </ClCompile>
    <ClCompile Include="Sources\QtHelpers.cpp">
      <Filter>QtHelpers\src</Filter>
    </ClCompile>
  </ItemGroup>
  <ItemGroup>
    <ClInclude Include="Sources\stdafx.h">
      <Filter>stdafx</Filter>
    </ClInclude>
    <ClInclude Include="Sources\targetver.h">
      <Filter>stdafx</Filter>
    </ClInclude>
    <ClInclude Include="Sources\RegistryHelpers.h">
      <Filter>RegistryHelpers</Filter>
    </ClInclude>
    <ClInclude Include="Sources\QtHelpers.h">
      <Filter>QtHelpers</Filter>
    </ClInclude>
  </ItemGroup>
</Project>